
Microsoft Visual Studio Solution File, Format Version 12.00
# Visual Studio 15
VisualStudioVersion = 15.0.27130.2024
MinimumVisualStudioVersion = 10.0.40219.1
Project("{FAE04EC0-301F-11D3-BF4B-00C04F79EFBC}") = "ReportData", "ReportData\ReportData.csproj", "{9EC69D7B-3A8C-40A8-9E42-D01088D815F8}"
EndProject
Global
	GlobalSection(SolutionConfigurationPlatforms) = preSolution
		Debug|Any CPU = Debug|Any CPU
		Release|Any CPU = Release|Any CPU
	EndGlobalSection
	GlobalSection(ProjectConfigurationPlatforms) = postSolution
		{9EC69D7B-3A8C-40A8-9E42-D01088D815F8}.Debug|Any CPU.ActiveCfg = Debug|Any CPU
		{9EC69D7B-3A8C-40A8-9E42-D01088D815F8}.Debug|Any CPU.Build.0 = Debug|Any CPU
		{9EC69D7B-3A8C-40A8-9E42-D01088D815F8}.Release|Any CPU.ActiveCfg = Release|Any CPU
		{9EC69D7B-3A8C-40A8-9E42-D01088D815F8}.Release|Any CPU.Build.0 = Release|Any CPU
	EndGlobalSection
	GlobalSection(SolutionProperties) = preSolution
		HideSolutionNode = FALSE
	EndGlobalSection
	GlobalSection(ExtensibilityGlobals) = postSolution
		SolutionGuid = {871D3434-91FD-46AB-9584-A2ACC2A6E92D}
	EndGlobalSection
EndGlobal
